PODS:
  - cloud_functions (4.0.13):
    - Firebase/Functions (= 10.6.0)
    - firebase_core
    - Flutter
  - Firebase/Auth (10.6.0):
    - Firebase/CoreOnly
    - FirebaseAuth (~> 10.6.0)
  - Firebase/CoreOnly (10.6.0):
    - FirebaseCore (= 10.6.0)
  - Firebase/Functions (10.6.0):
    - Firebase/CoreOnly
    - FirebaseFunctions (~> 10.6.0)
  - firebase_auth (4.3.0):
    - Firebase/Auth (= 10.6.0)
    - firebase_core
    - Flutter
  - firebase_core (2.8.0):
    - Firebase/CoreOnly (= 10.6.0)
    - Flutter
  - FirebaseAppCheckInterop (10.7.0)
  - FirebaseAuth (10.6.0):
    - FirebaseCore (~> 10.0)
    - GoogleUtilities/AppDelegateSwizzler (~> 7.8)
    - GoogleUtilities/Environment (~> 7.8)
    - GTMSessionFetcher/Core (< 4.0, >= 2.1)
  - FirebaseAuthInterop (10.7.0)
  - FirebaseCore (10.6.0):
    - FirebaseCoreInternal (~> 10.0)
    - GoogleUtilities/Environment (~> 7.8)
    - GoogleUtilities/Logger (~> 7.8)
  - FirebaseCoreExtension (10.7.0):
    - FirebaseCore (~> 10.0)
  - FirebaseCoreInternal (10.7.0):
    - "GoogleUtilities/NSData+zlib (~> 7.8)"
  - FirebaseFunctions (10.6.0):
    - FirebaseAppCheckInterop (~> 10.0)
    - FirebaseAuthInterop (~> 10.0)
    - FirebaseCore (~> 10.0)
    - FirebaseCoreExtension (~> 10.0)
    - FirebaseMessagingInterop (~> 10.0)
    - FirebaseSharedSwift (~> 10.0)
    - GTMSessionFetcher/Core (< 4.0, >= 2.1)
  - FirebaseMessagingInterop (10.7.0)
  - FirebaseSharedSwift (10.7.0)
  - Flutter (1.0.0)
  - GoogleUtilities/AppDelegateSwizzler (7.11.0):
    - GoogleUtilities/Environment
    - GoogleUtilities/Logger
    - GoogleUtilities/Network
  - GoogleUtilities/Environment (7.11.0):
    - PromisesObjC (< 3.0, >= 1.2)
  - GoogleUtilities/Logger (7.11.0):
    - GoogleUtilities/Environment
  - GoogleUtilities/Network (7.11.0):
    - GoogleUtilities/Logger
    - "GoogleUtilities/NSData+zlib"
    - GoogleUtilities/Reachability
  - "GoogleUtilities/NSData+zlib (7.11.0)"
  - GoogleUtilities/Reachability (7.11.0):
    - GoogleUtilities/Logger
  - GTMSessionFetcher/Core (3.1.0)
  - PromisesObjC (2.2.0)
  - shared_preferences_foundation (0.0.1):
    - Flutter
    - FlutterMacOS

DEPENDENCIES:
  - cloud_functions (from `.symlinks/plugins/cloud_functions/ios`)
  - firebase_auth (from `.symlinks/plugins/firebase_auth/ios`)
  - firebase_core (from `.symlinks/plugins/firebase_core/ios`)
  - Flutter (from `Flutter`)
  - shared_preferences_foundation (from `.symlinks/plugins/shared_preferences_foundation/ios`)

SPEC REPOS:
  trunk:
    - Firebase
    - FirebaseAppCheckInterop
    - FirebaseAuth
    - FirebaseAuthInterop
    - FirebaseCore
    - FirebaseCoreExtension
    - FirebaseCoreInternal
    - FirebaseFunctions
    - FirebaseMessagingInterop
    - FirebaseSharedSwift
    - GoogleUtilities
    - GTMSessionFetcher
    - PromisesObjC

EXTERNAL SOURCES:
  cloud_functions:
    :path: ".symlinks/plugins/cloud_functions/ios"
  firebase_auth:
    :path: ".symlinks/plugins/firebase_auth/ios"
  firebase_core:
    :path: ".symlinks/plugins/firebase_core/ios"
  Flutter:
    :path: Flutter
  shared_preferences_foundation:
    :path: ".symlinks/plugins/shared_preferences_foundation/ios"

SPEC CHECKSUMS:
  cloud_functions: 535896961b2c42350ae76f62eb01a273997c5fd2
  Firebase: f13680471b021937f2230ea8503c7809d8c29806
  firebase_auth: aa94601a07cad33a3f95c8c1ce8ba86d00ca3d9a
  firebase_core: 58542d7399889ebdbb034baa72d081e54c5c814d
  FirebaseAppCheckInterop: 8e907eea79958960a8bd2058e067f31e03a7914b
  FirebaseAuth: 743e5cd568af59d6d99a91ea9300843672515cf7
  FirebaseAuthInterop: 46201190fe90ef1f581513eb0f9fa3d7820e7d6d
  FirebaseCore: fa80ad16a62d52f67274b5b88304c3a318bbf9a4
  FirebaseCoreExtension: f17247ba8c61e4d3c8d136b5e2de3cb4ac6a85b6
  FirebaseCoreInternal: 8845798510aae74703467480f71ac613788d0696
  FirebaseFunctions: 00d1f36edb73f589b7b22af06abc097d144644d9
  FirebaseMessagingInterop: c49e2766f4059ea4ef9e7c7764ed741a14aaeded
  FirebaseSharedSwift: 993e46657e34f14fe497c4a43c1f9608dabfb2e5
  Flutter: f04841e97a9d0b0a8025694d0796dd46242b2854
  GoogleUtilities: c2bdc4cf2ce786c4d2e6b3bcfd599a25ca78f06f
  GTMSessionFetcher: c9e714f7eec91a55641e2bab9f45fd83a219b882
  PromisesObjC: 09985d6d70fbe7878040aa746d78236e6946d2ef
  shared_preferences_foundation: 986fc17f3d3251412d18b0265f9c64113a8c2472

PODFILE CHECKSUM: ef19549a9bc3046e7bb7d2fab4d021637c0c58a3

COCOAPODS: 1.12.0
